
Microsoft Visual Studio Solution File, Format Version 12.00
# Visual Studio Version 16
VisualStudioVersion = 16.0.31112.23
MinimumVisualStudioVersion = 10.0.40219.1
Project("{FAE04EC0-301F-11D3-BF4B-00C04F79EFBC}") = "PR6", "PR6\PR6.csproj", "{3FDE375B-185A-4CA4-A728-5F2340D1DCFF}"
EndProject
Project("{FAE04EC0-301F-11D3-BF4B-00C04F79EFBC}") = "PR6_Characters", "PR6_Characters\PR6_Characters.csproj", "{F25AE2B5-9884-4540-865D-EC3C308C4D6C}"
EndProject
Global
	GlobalSection(SolutionConfigurationPlatforms) = preSolution
		Debug|Any CPU = Debug|Any CPU
		Release|Any CPU = Release|Any CPU
	EndGlobalSection
	GlobalSection(ProjectConfigurationPlatforms) = postSolution
		{3FDE375B-185A-4CA4-A728-5F2340D1DCFF}.Debug|Any CPU.ActiveCfg = Debug|Any CPU
		{3FDE375B-185A-4CA4-A728-5F2340D1DCFF}.Debug|Any CPU.Build.0 = Debug|Any CPU
		{3FDE375B-185A-4CA4-A728-5F2340D1DCFF}.Release|Any CPU.ActiveCfg = Release|Any CPU
		{3FDE375B-185A-4CA4-A728-5F2340D1DCFF}.Release|Any CPU.Build.0 = Release|Any CPU
		{F25AE2B5-9884-4540-865D-EC3C308C4D6C}.Debug|Any CPU.ActiveCfg = Debug|Any CPU
		{F25AE2B5-9884-4540-865D-EC3C308C4D6C}.Debug|Any CPU.Build.0 = Debug|Any CPU
		{F25AE2B5-9884-4540-865D-EC3C308C4D6C}.Release|Any CPU.ActiveCfg = Release|Any CPU
		{F25AE2B5-9884-4540-865D-EC3C308C4D6C}.Release|Any CPU.Build.0 = Release|Any CPU
	EndGlobalSection
	GlobalSection(SolutionProperties) = preSolution
		HideSolutionNode = FALSE
	EndGlobalSection
	GlobalSection(ExtensibilityGlobals) = postSolution
		SolutionGuid = {64504E9C-6CE5-41B8-88C0-AE2D032AE98A}
	EndGlobalSection
EndGlobal
